
Microsoft Visual Studio Solution File, Format Version 12.00
# Visual Studio Version 16
VisualStudioVersion = 16.0.30104.148
MinimumVisualStudioVersion = 10.0.40219.1
Project("{FAE04EC0-301F-11D3-BF4B-00C04F79EFBC}") = "005Html辅助类", "005Html辅助类\005Html辅助类.csproj", "{96A2F836-B7E2-441A-B61D-EFC867025DC6}"
EndProject
Project("{FAE04EC0-301F-11D3-BF4B-00C04F79EFBC}") = "006特性路由", "006特性路由\006特性路由.csproj", "{4DE18B09-898B-4DDE-8D3E-0474D0163F08}"
EndProject
Project("{FAE04EC0-301F-11D3-BF4B-00C04F79EFBC}") = "007传统路由", "007传统路由\007传统路由.csproj", "{185954A0-E340-4CDB-82AE-474559B9DD87}"
EndProject
Project("{FAE04EC0-301F-11D3-BF4B-00C04F79EFBC}") = "001MVCDemo", "001MVCDemo\001MVCDemo.csproj", "{7BAAC297-1B09-4D49-ADAB-90A2DC3C6E15}"
EndProject
Project("{FAE04EC0-301F-11D3-BF4B-00C04F79EFBC}") = "004FilterTest1", "004FilterTest1\004FilterTest1.csproj", "{ADCB4E4D-5B2C-4E02-9230-6873396401A6}"
EndProject
Project("{FAE04EC0-301F-11D3-BF4B-00C04F79EFBC}") = "002CheckData", "002CheckData\002CheckData.csproj", "{19057DD8-5198-445B-A4FD-726036D90F52}"
EndProject
Project("{FAE04EC0-301F-11D3-BF4B-00C04F79EFBC}") = "003DropDownList", "003DropDownList\003DropDownList.csproj", "{99CF64E9-AF55-4FDA-A583-A3D764D6C825}"
EndProject
Project("{FAE04EC0-301F-11D3-BF4B-00C04F79EFBC}") = "008Log4Net", "008Log4Net\008Log4Net.csproj", "{11BB6869-52A2-4E41-B8B1-F35934591170}"
EndProject
Project("{2150E333-8FDC-42A3-9474-1A3956D46DE8}") = "009IOC-AutoFac", "009IOC-AutoFac", "{BB4E3D9B-A404-43EB-9F7B-61E0DC154237}"
EndProject
Project("{FAE04EC0-301F-11D3-BF4B-00C04F79EFBC}") = "TestBLLImpl", "009IOC-AutoFac\TestBLLImpl\TestBLLImpl.csproj", "{6BA06F2A-CFF8-44FF-9572-25284702DF06}"
EndProject
Project("{FAE04EC0-301F-11D3-BF4B-00C04F79EFBC}") = "TestIBLL", "009IOC-AutoFac\TestIBLL\TestIBLL.csproj", "{6725D280-96BE-4029-A817-CE8182863BD7}"
EndProject
Project("{FAE04EC0-301F-11D3-BF4B-00C04F79EFBC}") = "TestUI", "009IOC-AutoFac\TestUI\TestUI.csproj", "{A61D5060-8CF9-47B0-A516-4225CBD6C8B9}"
EndProject
Project("{2150E333-8FDC-42A3-9474-1A3956D46DE8}") = "010MVC-AutoFac", "010MVC-AutoFac", "{477D3E47-CCD4-48FB-8DAC-9212A2D7CCD7}"
EndProject
Project("{FAE04EC0-301F-11D3-BF4B-00C04F79EFBC}") = "TestMVC", "010MVC-AutoFac\TestMVC\TestMVC.csproj", "{509DFA51-FBA8-4F11-AC15-8578936B13B8}"
EndProject
Project("{FAE04EC0-301F-11D3-BF4B-00C04F79EFBC}") = "TestIService", "010MVC-AutoFac\TestIService\TestIService.csproj", "{5C7F4FA0-F71E-433E-B7E4-75ACC759CB31}"
EndProject
Project("{FAE04EC0-301F-11D3-BF4B-00C04F79EFBC}") = "TestServiceImpl", "010MVC-AutoFac\TestServiceImpl\TestServiceImpl.csproj", "{A6085D35-3DBF-4433-B3CA-98197FABC078}"
EndProject
Project("{FAE04EC0-301F-11D3-BF4B-00C04F79EFBC}") = "011手写IOC-MyIOC", "011手写IOC-MyIOC\011手写IOC-MyIOC.csproj", "{53501F72-66EA-4411-8299-37F13B8200C4}"
EndProject
Project("{FAE04EC0-301F-11D3-BF4B-00C04F79EFBC}") = "012-任务调度框架-Quartz.NET", "012-任务调度框架-Quarte.NET\012-任务调度框架-Quartz.NET.csproj", "{C914AEB5-4DB7-49CD-88CC-80CE3A1D2D5C}"
EndProject
Project("{FAE04EC0-301F-11D3-BF4B-00C04F79EFBC}") = "012-任务调度框架-在MVC中使用", "012-任务调度框架-在MVC中使用\012-任务调度框架-在MVC中使用.csproj", "{9349B634-A9FC-44F7-981A-C39ADA23647F}"
EndProject
Project("{2150E333-8FDC-42A3-9474-1A3956D46DE8}") = "013WebAPI", "013WebAPI", "{B971E6DE-2E00-4141-92D9-93BFC0B92294}"
EndProject
Project("{FAE04EC0-301F-11D3-BF4B-00C04F79EFBC}") = "EFEntities", "013-WebAPI\EFEntities\EFEntities.csproj", "{E2355959-D3FA-4D74-9CFF-7737747EFDD8}"
EndProject
Project("{FAE04EC0-301F-11D3-BF4B-00C04F79EFBC}") = "Dto", "013-WebAPI\Dto\Dto.csproj", "{8F904179-5F84-4A89-A95D-4783547655F9}"
EndProject
Project("{FAE04EC0-301F-11D3-BF4B-00C04F79EFBC}") = "Dal", "013-WebAPI\Dal\Dal.csproj", "{35FD46D2-C177-4A2D-8D38-A62FD7CC0759}"
EndProject
Project("{FAE04EC0-301F-11D3-BF4B-00C04F79EFBC}") = "Bll", "013-WebAPI\Bll\Bll.csproj", "{0990196C-3DE8-4DFD-994D-865421144E6C}"
EndProject
Project("{FAE04EC0-301F-11D3-BF4B-00C04F79EFBC}") = "WebAPIDemo", "013-WebAPI\WebAPIDemo\WebAPIDemo.csproj", "{57A2FF4B-BD0A-4AD5-B5A6-0B10BA372817}"
EndProject
Project("{FAE04EC0-301F-11D3-BF4B-00C04F79EFBC}") = "014使用newtonjson", "014使用newtonjson\014使用newtonjson.csproj", "{8133C5F5-0B23-41FC-85DA-608BE81CFAAA}"
EndProject
Project("{FAE04EC0-301F-11D3-BF4B-00C04F79EFBC}") = "015BootstrapTable", "015BootstrapTable\015BootstrapTable.csproj", "{69350306-3001-4E0C-850D-90D55A38EA6B}"
EndProject
Project("{FAE04EC0-301F-11D3-BF4B-00C04F79EFBC}") = "016zTree", "016zTree\016zTree.csproj", "{80295BC5-872F-4324-805D-23B6D2573FEE}"
EndProject
Project("{FAE04EC0-301F-11D3-BF4B-00C04F79EFBC}") = "017Dapper", "017Dapper\017Dapper.csproj", "{2C53B5D8-2554-40AA-9FC4-5DABFCFDE6DD}"
EndProject
Project("{FAE04EC0-301F-11D3-BF4B-00C04F79EFBC}") = "018Topshelf", "018Topshelf\018Topshelf.csproj", "{B89E6CE8-79CE-4345-AD40-7FB7D9111E59}"
EndProject
Project("{FAE04EC0-301F-11D3-BF4B-00C04F79EFBC}") = "018Topshelf+log4net+quartz.net", "018Topshelf+log4net+quartz.net\018Topshelf+log4net+quartz.net.csproj", "{311E8CF1-69F9-49BE-BB29-BEDD838AEFCE}"
EndProject
Global
	GlobalSection(SolutionConfigurationPlatforms) = preSolution
		Debug|Any CPU = Debug|Any CPU
		Release|Any CPU = Release|Any CPU
	EndGlobalSection
	GlobalSection(ProjectConfigurationPlatforms) = postSolution
		{96A2F836-B7E2-441A-B61D-EFC867025DC6}.Debug|Any CPU.ActiveCfg = Debug|Any CPU
		{96A2F836-B7E2-441A-B61D-EFC867025DC6}.Debug|Any CPU.Build.0 = Debug|Any CPU
		{96A2F836-B7E2-441A-B61D-EFC867025DC6}.Release|Any CPU.ActiveCfg = Release|Any CPU
		{96A2F836-B7E2-441A-B61D-EFC867025DC6}.Release|Any CPU.Build.0 = Release|Any CPU
		{4DE18B09-898B-4DDE-8D3E-0474D0163F08}.Debug|Any CPU.ActiveCfg = Debug|Any CPU
		{4DE18B09-898B-4DDE-8D3E-0474D0163F08}.Debug|Any CPU.Build.0 = Debug|Any CPU
		{4DE18B09-898B-4DDE-8D3E-0474D0163F08}.Release|Any CPU.ActiveCfg = Release|Any CPU
		{4DE18B09-898B-4DDE-8D3E-0474D0163F08}.Release|Any CPU.Build.0 = Release|Any CPU
		{185954A0-E340-4CDB-82AE-474559B9DD87}.Debug|Any CPU.ActiveCfg = Debug|Any CPU
		{185954A0-E340-4CDB-82AE-474559B9DD87}.Debug|Any CPU.Build.0 = Debug|Any CPU
		{185954A0-E340-4CDB-82AE-474559B9DD87}.Release|Any CPU.ActiveCfg = Release|Any CPU
		{185954A0-E340-4CDB-82AE-474559B9DD87}.Release|Any CPU.Build.0 = Release|Any CPU
		{7BAAC297-1B09-4D49-ADAB-90A2DC3C6E15}.Debug|Any CPU.ActiveCfg = Debug|Any CPU
		{7BAAC297-1B09-4D49-ADAB-90A2DC3C6E15}.Debug|Any CPU.Build.0 = Debug|Any CPU
		{7BAAC297-1B09-4D49-ADAB-90A2DC3C6E15}.Release|Any CPU.ActiveCfg = Release|Any CPU
		{7BAAC297-1B09-4D49-ADAB-90A2DC3C6E15}.Release|Any CPU.Build.0 = Release|Any CPU
		{ADCB4E4D-5B2C-4E02-9230-6873396401A6}.Debug|Any CPU.ActiveCfg = Debug|Any CPU
		{ADCB4E4D-5B2C-4E02-9230-6873396401A6}.Debug|Any CPU.Build.0 = Debug|Any CPU
		{ADCB4E4D-5B2C-4E02-9230-6873396401A6}.Release|Any CPU.ActiveCfg = Release|Any CPU
		{ADCB4E4D-5B2C-4E02-9230-6873396401A6}.Release|Any CPU.Build.0 = Release|Any CPU
		{19057DD8-5198-445B-A4FD-726036D90F52}.Debug|Any CPU.ActiveCfg = Debug|Any CPU
		{19057DD8-5198-445B-A4FD-726036D90F52}.Debug|Any CPU.Build.0 = Debug|Any CPU
		{19057DD8-5198-445B-A4FD-726036D90F52}.Release|Any CPU.ActiveCfg = Release|Any CPU
		{19057DD8-5198-445B-A4FD-726036D90F52}.Release|Any CPU.Build.0 = Release|Any CPU
		{99CF64E9-AF55-4FDA-A583-A3D764D6C825}.Debug|Any CPU.ActiveCfg = Debug|Any CPU
		{99CF64E9-AF55-4FDA-A583-A3D764D6C825}.Debug|Any CPU.Build.0 = Debug|Any CPU
		{99CF64E9-AF55-4FDA-A583-A3D764D6C825}.Release|Any CPU.ActiveCfg = Release|Any CPU
		{99CF64E9-AF55-4FDA-A583-A3D764D6C825}.Release|Any CPU.Build.0 = Release|Any CPU
		{11BB6869-52A2-4E41-B8B1-F35934591170}.Debug|Any CPU.ActiveCfg = Debug|Any CPU
		{11BB6869-52A2-4E41-B8B1-F35934591170}.Debug|Any CPU.Build.0 = Debug|Any CPU
		{11BB6869-52A2-4E41-B8B1-F35934591170}.Release|Any CPU.ActiveCfg = Release|Any CPU
		{11BB6869-52A2-4E41-B8B1-F35934591170}.Release|Any CPU.Build.0 = Release|Any CPU
		{6BA06F2A-CFF8-44FF-9572-25284702DF06}.Debug|Any CPU.ActiveCfg = Debug|Any CPU
		{6BA06F2A-CFF8-44FF-9572-25284702DF06}.Debug|Any CPU.Build.0 = Debug|Any CPU
		{6BA06F2A-CFF8-44FF-9572-25284702DF06}.Release|Any CPU.ActiveCfg = Release|Any CPU
		{6BA06F2A-CFF8-44FF-9572-25284702DF06}.Release|Any CPU.Build.0 = Release|Any CPU
		{6725D280-96BE-4029-A817-CE8182863BD7}.Debug|Any CPU.ActiveCfg = Debug|Any CPU
		{6725D280-96BE-4029-A817-CE8182863BD7}.Debug|Any CPU.Build.0 = Debug|Any CPU
		{6725D280-96BE-4029-A817-CE8182863BD7}.Release|Any CPU.ActiveCfg = Release|Any CPU
		{6725D280-96BE-4029-A817-CE8182863BD7}.Release|Any CPU.Build.0 = Release|Any CPU
		{A61D5060-8CF9-47B0-A516-4225CBD6C8B9}.Debug|Any CPU.ActiveCfg = Debug|Any CPU
		{A61D5060-8CF9-47B0-A516-4225CBD6C8B9}.Debug|Any CPU.Build.0 = Debug|Any CPU
		{A61D5060-8CF9-47B0-A516-4225CBD6C8B9}.Release|Any CPU.ActiveCfg = Release|Any CPU
		{A61D5060-8CF9-47B0-A516-4225CBD6C8B9}.Release|Any CPU.Build.0 = Release|Any CPU
		{509DFA51-FBA8-4F11-AC15-8578936B13B8}.Debug|Any CPU.ActiveCfg = Debug|Any CPU
		{509DFA51-FBA8-4F11-AC15-8578936B13B8}.Debug|Any CPU.Build.0 = Debug|Any CPU
		{509DFA51-FBA8-4F11-AC15-8578936B13B8}.Release|Any CPU.ActiveCfg = Release|Any CPU
		{509DFA51-FBA8-4F11-AC15-8578936B13B8}.Release|Any CPU.Build.0 = Release|Any CPU
		{5C7F4FA0-F71E-433E-B7E4-75ACC759CB31}.Debug|Any CPU.ActiveCfg = Debug|Any CPU
		{5C7F4FA0-F71E-433E-B7E4-75ACC759CB31}.Debug|Any CPU.Build.0 = Debug|Any CPU
		{5C7F4FA0-F71E-433E-B7E4-75ACC759CB31}.Release|Any CPU.ActiveCfg = Release|Any CPU
		{5C7F4FA0-F71E-433E-B7E4-75ACC759CB31}.Release|Any CPU.Build.0 = Release|Any CPU
		{A6085D35-3DBF-4433-B3CA-98197FABC078}.Debug|Any CPU.ActiveCfg = Debug|Any CPU
		{A6085D35-3DBF-4433-B3CA-98197FABC078}.Debug|Any CPU.Build.0 = Debug|Any CPU
		{A6085D35-3DBF-4433-B3CA-98197FABC078}.Release|Any CPU.ActiveCfg = Release|Any CPU
		{A6085D35-3DBF-4433-B3CA-98197FABC078}.Release|Any CPU.Build.0 = Release|Any CPU
		{53501F72-66EA-4411-8299-37F13B8200C4}.Debug|Any CPU.ActiveCfg = Debug|Any CPU
		{53501F72-66EA-4411-8299-37F13B8200C4}.Debug|Any CPU.Build.0 = Debug|Any CPU
		{53501F72-66EA-4411-8299-37F13B8200C4}.Release|Any CPU.ActiveCfg = Release|Any CPU
		{53501F72-66EA-4411-8299-37F13B8200C4}.Release|Any CPU.Build.0 = Release|Any CPU
		{C914AEB5-4DB7-49CD-88CC-80CE3A1D2D5C}.Debug|Any CPU.ActiveCfg = Debug|Any CPU
		{C914AEB5-4DB7-49CD-88CC-80CE3A1D2D5C}.Debug|Any CPU.Build.0 = Debug|Any CPU
		{C914AEB5-4DB7-49CD-88CC-80CE3A1D2D5C}.Release|Any CPU.ActiveCfg = Release|Any CPU
		{C914AEB5-4DB7-49CD-88CC-80CE3A1D2D5C}.Release|Any CPU.Build.0 = Release|Any CPU
		{9349B634-A9FC-44F7-981A-C39ADA23647F}.Debug|Any CPU.ActiveCfg = Debug|Any CPU
		{9349B634-A9FC-44F7-981A-C39ADA23647F}.Debug|Any CPU.Build.0 = Debug|Any CPU
		{9349B634-A9FC-44F7-981A-C39ADA23647F}.Release|Any CPU.ActiveCfg = Release|Any CPU
		{9349B634-A9FC-44F7-981A-C39ADA23647F}.Release|Any CPU.Build.0 = Release|Any CPU
		{E2355959-D3FA-4D74-9CFF-7737747EFDD8}.Debug|Any CPU.ActiveCfg = Debug|Any CPU
		{E2355959-D3FA-4D74-9CFF-7737747EFDD8}.Debug|Any CPU.Build.0 = Debug|Any CPU
		{E2355959-D3FA-4D74-9CFF-7737747EFDD8}.Release|Any CPU.ActiveCfg = Release|Any CPU
		{E2355959-D3FA-4D74-9CFF-7737747EFDD8}.Release|Any CPU.Build.0 = Release|Any CPU
		{8F904179-5F84-4A89-A95D-4783547655F9}.Debug|Any CPU.ActiveCfg = Debug|Any CPU
		{8F904179-5F84-4A89-A95D-4783547655F9}.Debug|Any CPU.Build.0 = Debug|Any CPU
		{8F904179-5F84-4A89-A95D-4783547655F9}.Release|Any CPU.ActiveCfg = Release|Any CPU
		{8F904179-5F84-4A89-A95D-4783547655F9}.Release|Any CPU.Build.0 = Release|Any CPU
		{35FD46D2-C177-4A2D-8D38-A62FD7CC0759}.Debug|Any CPU.ActiveCfg = Debug|Any CPU
		{35FD46D2-C177-4A2D-8D38-A62FD7CC0759}.Debug|Any CPU.Build.0 = Debug|Any CPU
		{35FD46D2-C177-4A2D-8D38-A62FD7CC0759}.Release|Any CPU.ActiveCfg = Release|Any CPU
		{35FD46D2-C177-4A2D-8D38-A62FD7CC0759}.Release|Any CPU.Build.0 = Release|Any CPU
		{0990196C-3DE8-4DFD-994D-865421144E6C}.Debug|Any CPU.ActiveCfg = Debug|Any CPU
		{0990196C-3DE8-4DFD-994D-865421144E6C}.Debug|Any CPU.Build.0 = Debug|Any CPU
		{0990196C-3DE8-4DFD-994D-865421144E6C}.Release|Any CPU.ActiveCfg = Release|Any CPU
		{0990196C-3DE8-4DFD-994D-865421144E6C}.Release|Any CPU.Build.0 = Release|Any CPU
		{57A2FF4B-BD0A-4AD5-B5A6-0B10BA372817}.Debug|Any CPU.ActiveCfg = Debug|Any CPU
		{57A2FF4B-BD0A-4AD5-B5A6-0B10BA372817}.Debug|Any CPU.Build.0 = Debug|Any CPU
		{57A2FF4B-BD0A-4AD5-B5A6-0B10BA372817}.Release|Any CPU.ActiveCfg = Release|Any CPU
		{57A2FF4B-BD0A-4AD5-B5A6-0B10BA372817}.Release|Any CPU.Build.0 = Release|Any CPU
		{8133C5F5-0B23-41FC-85DA-608BE81CFAAA}.Debug|Any CPU.ActiveCfg = Debug|Any CPU
		{8133C5F5-0B23-41FC-85DA-608BE81CFAAA}.Debug|Any CPU.Build.0 = Debug|Any CPU
		{8133C5F5-0B23-41FC-85DA-608BE81CFAAA}.Release|Any CPU.ActiveCfg = Release|Any CPU
		{8133C5F5-0B23-41FC-85DA-608BE81CFAAA}.Release|Any CPU.Build.0 = Release|Any CPU
		{69350306-3001-4E0C-850D-90D55A38EA6B}.Debug|Any CPU.ActiveCfg = Debug|Any CPU
		{69350306-3001-4E0C-850D-90D55A38EA6B}.Debug|Any CPU.Build.0 = Debug|Any CPU
		{69350306-3001-4E0C-850D-90D55A38EA6B}.Release|Any CPU.ActiveCfg = Release|Any CPU
		{69350306-3001-4E0C-850D-90D55A38EA6B}.Release|Any CPU.Build.0 = Release|Any CPU
		{80295BC5-872F-4324-805D-23B6D2573FEE}.Debug|Any CPU.ActiveCfg = Debug|Any CPU
		{80295BC5-872F-4324-805D-23B6D2573FEE}.Debug|Any CPU.Build.0 = Debug|Any CPU
		{80295BC5-872F-4324-805D-23B6D2573FEE}.Release|Any CPU.ActiveCfg = Release|Any CPU
		{80295BC5-872F-4324-805D-23B6D2573FEE}.Release|Any CPU.Build.0 = Release|Any CPU
		{2C53B5D8-2554-40AA-9FC4-5DABFCFDE6DD}.Debug|Any CPU.ActiveCfg = Debug|Any CPU
		{2C53B5D8-2554-40AA-9FC4-5DABFCFDE6DD}.Debug|Any CPU.Build.0 = Debug|Any CPU
		{2C53B5D8-2554-40AA-9FC4-5DABFCFDE6DD}.Release|Any CPU.ActiveCfg = Release|Any CPU
		{2C53B5D8-2554-40AA-9FC4-5DABFCFDE6DD}.Release|Any CPU.Build.0 = Release|Any CPU
		{B89E6CE8-79CE-4345-AD40-7FB7D9111E59}.Debug|Any CPU.ActiveCfg = Debug|Any CPU
		{B89E6CE8-79CE-4345-AD40-7FB7D9111E59}.Debug|Any CPU.Build.0 = Debug|Any CPU
		{B89E6CE8-79CE-4345-AD40-7FB7D9111E59}.Release|Any CPU.ActiveCfg = Release|Any CPU
		{B89E6CE8-79CE-4345-AD40-7FB7D9111E59}.Release|Any CPU.Build.0 = Release|Any CPU
		{311E8CF1-69F9-49BE-BB29-BEDD838AEFCE}.Debug|Any CPU.ActiveCfg = Debug|Any CPU
		{311E8CF1-69F9-49BE-BB29-BEDD838AEFCE}.Debug|Any CPU.Build.0 = Debug|Any CPU
		{311E8CF1-69F9-49BE-BB29-BEDD838AEFCE}.Release|Any CPU.ActiveCfg = Release|Any CPU
		{311E8CF1-69F9-49BE-BB29-BEDD838AEFCE}.Release|Any CPU.Build.0 = Release|Any CPU
	EndGlobalSection
	GlobalSection(SolutionProperties) = preSolution
		HideSolutionNode = FALSE
	EndGlobalSection
	GlobalSection(NestedProjects) = preSolution
		{6BA06F2A-CFF8-44FF-9572-25284702DF06} = {BB4E3D9B-A404-43EB-9F7B-61E0DC154237}
		{6725D280-96BE-4029-A817-CE8182863BD7} = {BB4E3D9B-A404-43EB-9F7B-61E0DC154237}
		{A61D5060-8CF9-47B0-A516-4225CBD6C8B9} = {BB4E3D9B-A404-43EB-9F7B-61E0DC154237}
		{509DFA51-FBA8-4F11-AC15-8578936B13B8} = {477D3E47-CCD4-48FB-8DAC-9212A2D7CCD7}
		{5C7F4FA0-F71E-433E-B7E4-75ACC759CB31} = {477D3E47-CCD4-48FB-8DAC-9212A2D7CCD7}
		{A6085D35-3DBF-4433-B3CA-98197FABC078} = {477D3E47-CCD4-48FB-8DAC-9212A2D7CCD7}
		{E2355959-D3FA-4D74-9CFF-7737747EFDD8} = {B971E6DE-2E00-4141-92D9-93BFC0B92294}
		{8F904179-5F84-4A89-A95D-4783547655F9} = {B971E6DE-2E00-4141-92D9-93BFC0B92294}
		{35FD46D2-C177-4A2D-8D38-A62FD7CC0759} = {B971E6DE-2E00-4141-92D9-93BFC0B92294}
		{0990196C-3DE8-4DFD-994D-865421144E6C} = {B971E6DE-2E00-4141-92D9-93BFC0B92294}
		{57A2FF4B-BD0A-4AD5-B5A6-0B10BA372817} = {B971E6DE-2E00-4141-92D9-93BFC0B92294}
	EndGlobalSection
	GlobalSection(ExtensibilityGlobals) = postSolution
		SolutionGuid = {6D7EED8A-3977-4DAC-A9D8-B2FEB5111DAC}
	EndGlobalSection
EndGlobal
