
Microsoft Visual Studio Solution File, Format Version 12.00
# Visual Studio 14
VisualStudioVersion = 14.0.25420.1
MinimumVisualStudioVersion = 10.0.40219.1
Project("{FAE04EC0-301F-11D3-BF4B-00C04F79EFBC}") = "MVCDemo", "MVCDemo\MVCDemo.csproj", "{7BAAC297-1B09-4D49-ADAB-90A2DC3C6E15}"
EndProject
Project("{FAE04EC0-301F-11D3-BF4B-00C04F79EFBC}") = "02DropDownList", "02DropDownList\02DropDownList.csproj", "{99CF64E9-AF55-4FDA-A583-A3D764D6C825}"
EndProject
Project("{FAE04EC0-301F-11D3-BF4B-00C04F79EFBC}") = "03FilterDemo", "03FilterDemo\03FilterDemo.csproj", "{5B2DCFAD-8F3A-44CC-A44C-C85C7A3216E5}"
EndProject
Project("{FAE04EC0-301F-11D3-BF4B-00C04F79EFBC}") = "04FilterTest1", "04FilterTest1\04FilterTest1.csproj", "{ADCB4E4D-5B2C-4E02-9230-6873396401A6}"
EndProject
Global
	GlobalSection(SolutionConfigurationPlatforms) = preSolution
		Debug|Any CPU = Debug|Any CPU
		Release|Any CPU = Release|Any CPU
	EndGlobalSection
	GlobalSection(ProjectConfigurationPlatforms) = postSolution
		{7BAAC297-1B09-4D49-ADAB-90A2DC3C6E15}.Debug|Any CPU.ActiveCfg = Debug|Any CPU
		{7BAAC297-1B09-4D49-ADAB-90A2DC3C6E15}.Debug|Any CPU.Build.0 = Debug|Any CPU
		{7BAAC297-1B09-4D49-ADAB-90A2DC3C6E15}.Release|Any CPU.ActiveCfg = Release|Any CPU
		{7BAAC297-1B09-4D49-ADAB-90A2DC3C6E15}.Release|Any CPU.Build.0 = Release|Any CPU
		{99CF64E9-AF55-4FDA-A583-A3D764D6C825}.Debug|Any CPU.ActiveCfg = Debug|Any CPU
		{99CF64E9-AF55-4FDA-A583-A3D764D6C825}.Debug|Any CPU.Build.0 = Debug|Any CPU
		{99CF64E9-AF55-4FDA-A583-A3D764D6C825}.Release|Any CPU.ActiveCfg = Release|Any CPU
		{99CF64E9-AF55-4FDA-A583-A3D764D6C825}.Release|Any CPU.Build.0 = Release|Any CPU
		{5B2DCFAD-8F3A-44CC-A44C-C85C7A3216E5}.Debug|Any CPU.ActiveCfg = Debug|Any CPU
		{5B2DCFAD-8F3A-44CC-A44C-C85C7A3216E5}.Debug|Any CPU.Build.0 = Debug|Any CPU
		{5B2DCFAD-8F3A-44CC-A44C-C85C7A3216E5}.Release|Any CPU.ActiveCfg = Release|Any CPU
		{5B2DCFAD-8F3A-44CC-A44C-C85C7A3216E5}.Release|Any CPU.Build.0 = Release|Any CPU
		{ADCB4E4D-5B2C-4E02-9230-6873396401A6}.Debug|Any CPU.ActiveCfg = Debug|Any CPU
		{ADCB4E4D-5B2C-4E02-9230-6873396401A6}.Debug|Any CPU.Build.0 = Debug|Any CPU
		{ADCB4E4D-5B2C-4E02-9230-6873396401A6}.Release|Any CPU.ActiveCfg = Release|Any CPU
		{ADCB4E4D-5B2C-4E02-9230-6873396401A6}.Release|Any CPU.Build.0 = Release|Any CPU
	EndGlobalSection
	GlobalSection(SolutionProperties) = preSolution
		HideSolutionNode = FALSE
	EndGlobalSection
EndGlobal
